
Microsoft Visual Studio Solution File, Format Version 12.00
# Visual Studio Version 16
VisualStudioVersion = 16.0.30223.230
MinimumVisualStudioVersion = 10.0.40219.1
Project("{9A19103F-16F7-4668-BE54-9A1E7A4F7556}") = "SmartCtlDriveApp", "SmartCtlDriveApp\SmartCtlDriveApp.csproj", "{CC81D24C-9732-40FB-A645-8671309B5FDB}"
EndProject
Project("{9A19103F-16F7-4668-BE54-9A1E7A4F7556}") = "SmartTest", "SmartTest\SmartTest.csproj", "{BB0C7FE2-F54C-4CAD-A175-543D199474D6}"
EndProject
Project("{9A19103F-16F7-4668-BE54-9A1E7A4F7556}") = "SmartCtl.Domain", "SmartCtl.Domain\SmartCtl.Domain.csproj", "{F7EED4EB-A19C-4BA2-BF87-13E59472A930}"
EndProject
Project("{9A19103F-16F7-4668-BE54-9A1E7A4F7556}") = "SmartCtl.Db", "SmartCtl.Db\SmartCtl.Db.csproj", "{E22DDD96-F336-4560-A621-DE5A2A1C17AC}"
EndProject
Project("{9A19103F-16F7-4668-BE54-9A1E7A4F7556}") = "SmartCtlDriveWebApp", "SmartCtlDriveWebApp\SmartCtlDriveWebApp.csproj", "{8590E1BB-27C5-4075-9926-A5B9B19EF373}"
EndProject
Project("{FAE04EC0-301F-11D3-BF4B-00C04F79EFBC}") = "SmartCtl.Console", "SmartCtl.Console\SmartCtl.Console.csproj", "{1DB5CA23-E181-4372-84CF-51AA9E567DEE}"
EndProject
Project("{FAE04EC0-301F-11D3-BF4B-00C04F79EFBC}") = "SmartCtl.API", "SmartCtl.API\SmartCtl.API.csproj", "{F9299ECE-39C8-4A28-A710-6E53BAD441DD}"
EndProject
Global
	GlobalSection(SolutionConfigurationPlatforms) = preSolution
		Debug|Any CPU = Debug|Any CPU
		Release|Any CPU = Release|Any CPU
	EndGlobalSection
	GlobalSection(ProjectConfigurationPlatforms) = postSolution
		{CC81D24C-9732-40FB-A645-8671309B5FDB}.Debug|Any CPU.ActiveCfg = Debug|Any CPU
		{CC81D24C-9732-40FB-A645-8671309B5FDB}.Debug|Any CPU.Build.0 = Debug|Any CPU
		{CC81D24C-9732-40FB-A645-8671309B5FDB}.Release|Any CPU.ActiveCfg = Release|Any CPU
		{CC81D24C-9732-40FB-A645-8671309B5FDB}.Release|Any CPU.Build.0 = Release|Any CPU
		{BB0C7FE2-F54C-4CAD-A175-543D199474D6}.Debug|Any CPU.ActiveCfg = Debug|Any CPU
		{BB0C7FE2-F54C-4CAD-A175-543D199474D6}.Debug|Any CPU.Build.0 = Debug|Any CPU
		{BB0C7FE2-F54C-4CAD-A175-543D199474D6}.Release|Any CPU.ActiveCfg = Release|Any CPU
		{BB0C7FE2-F54C-4CAD-A175-543D199474D6}.Release|Any CPU.Build.0 = Release|Any CPU
		{F7EED4EB-A19C-4BA2-BF87-13E59472A930}.Debug|Any CPU.ActiveCfg = Debug|Any CPU
		{F7EED4EB-A19C-4BA2-BF87-13E59472A930}.Debug|Any CPU.Build.0 = Debug|Any CPU
		{F7EED4EB-A19C-4BA2-BF87-13E59472A930}.Release|Any CPU.ActiveCfg = Release|Any CPU
		{F7EED4EB-A19C-4BA2-BF87-13E59472A930}.Release|Any CPU.Build.0 = Release|Any CPU
		{E22DDD96-F336-4560-A621-DE5A2A1C17AC}.Debug|Any CPU.ActiveCfg = Debug|Any CPU
		{E22DDD96-F336-4560-A621-DE5A2A1C17AC}.Debug|Any CPU.Build.0 = Debug|Any CPU
		{E22DDD96-F336-4560-A621-DE5A2A1C17AC}.Release|Any CPU.ActiveCfg = Release|Any CPU
		{E22DDD96-F336-4560-A621-DE5A2A1C17AC}.Release|Any CPU.Build.0 = Release|Any CPU
		{8590E1BB-27C5-4075-9926-A5B9B19EF373}.Debug|Any CPU.ActiveCfg = Debug|Any CPU
		{8590E1BB-27C5-4075-9926-A5B9B19EF373}.Debug|Any CPU.Build.0 = Debug|Any CPU
		{8590E1BB-27C5-4075-9926-A5B9B19EF373}.Release|Any CPU.ActiveCfg = Release|Any CPU
		{8590E1BB-27C5-4075-9926-A5B9B19EF373}.Release|Any CPU.Build.0 = Release|Any CPU
		{1DB5CA23-E181-4372-84CF-51AA9E567DEE}.Debug|Any CPU.ActiveCfg = Debug|Any CPU
		{1DB5CA23-E181-4372-84CF-51AA9E567DEE}.Debug|Any CPU.Build.0 = Debug|Any CPU
		{1DB5CA23-E181-4372-84CF-51AA9E567DEE}.Release|Any CPU.ActiveCfg = Release|Any CPU
		{1DB5CA23-E181-4372-84CF-51AA9E567DEE}.Release|Any CPU.Build.0 = Release|Any CPU
		{F9299ECE-39C8-4A28-A710-6E53BAD441DD}.Debug|Any CPU.ActiveCfg = Debug|Any CPU
		{F9299ECE-39C8-4A28-A710-6E53BAD441DD}.Debug|Any CPU.Build.0 = Debug|Any CPU
		{F9299ECE-39C8-4A28-A710-6E53BAD441DD}.Release|Any CPU.ActiveCfg = Release|Any CPU
		{F9299ECE-39C8-4A28-A710-6E53BAD441DD}.Release|Any CPU.Build.0 = Release|Any CPU
	EndGlobalSection
	GlobalSection(SolutionProperties) = preSolution
		HideSolutionNode = FALSE
	EndGlobalSection
	GlobalSection(ExtensibilityGlobals) = postSolution
		SolutionGuid = {A3900A8E-37C2-4984-84A1-75CBB59E7C7E}
	EndGlobalSection
EndGlobal
